{
  "name": "kie-dmn-demo",
  "version": "1.0.0",
  "lockfileVersion": 1,
  "requires": true,
  "dependencies": {
    "@esbuild/android-arm": {
      "version": "0.15.18",
      "resolved": "https://pkgs.d.xiaomi.net:443/artifactory/api/npm/mi-npm/@esbuild/android-arm/-/android-arm-0.15.18.tgz",
      "integrity": "sha1-Jm1AuP3Ph5Yt+K8Ft2IZvHhrT4A=",
      "optional": true
    },
    "@esbuild/linux-loong64": {
      "version": "0.15.18",
      "resolved": "https://pkgs.d.xiaomi.net:443/artifactory/api/npm/mi-npm/@esbuild/linux-loong64/-/linux-loong64-0.15.18.tgz",
      "integrity": "sha1-Eot27Lm+SLYM9c/BxjpPAGkaMjk=",
      "optional": true
    },
    "esbuild": {
      "version": "0.15.18",
      "resolved": "https://pkgs.d.xiaomi.net:443/artifactory/api/npm/mi-npm/esbuild/-/esbuild-0.15.18.tgz",
      "integrity": "sha1-6olK2vP7wDbTIyCgDU1uSXii820=",
      "requires": {
        "@esbuild/android-arm": "0.15.18",
        "@esbuild/linux-loong64": "0.15.18",
        "esbuild-android-64": "0.15.18",
        "esbuild-android-arm64": "0.15.18",
        "esbuild-darwin-64": "0.15.18",
        "esbuild-darwin-arm64": "0.15.18",
        "esbuild-freebsd-64": "0.15.18",
        "esbuild-freebsd-arm64": "0.15.18",
        "esbuild-linux-32": "0.15.18",
        "esbuild-linux-64": "0.15.18",
        "esbuild-linux-arm": "0.15.18",
        "esbuild-linux-arm64": "0.15.18",
        "esbuild-linux-mips64le": "0.15.18",
        "esbuild-linux-ppc64le": "0.15.18",
        "esbuild-linux-riscv64": "0.15.18",
        "esbuild-linux-s390x": "0.15.18",
        "esbuild-netbsd-64": "0.15.18",
        "esbuild-openbsd-64": "0.15.18",
        "esbuild-sunos-64": "0.15.18",
        "esbuild-windows-32": "0.15.18",
        "esbuild-windows-64": "0.15.18",
        "esbuild-windows-arm64": "0.15.18"
      }
    },
    "esbuild-android-64": {
      "version": "0.15.18",
      "resolved": "https://pkgs.d.xiaomi.net:443/artifactory/api/npm/mi-npm/esbuild-android-64/-/esbuild-android-64-0.15.18.tgz",
      "integrity": "sha1-IKeuFBbI6q3pF/skU8ElkwLGN6U=",
      "optional": true
    },
    "esbuild-android-arm64": {
      "version": "0.15.18",
      "resolved": "https://pkgs.d.xiaomi.net:443/artifactory/api/npm/mi-npm/esbuild-android-arm64/-/esbuild-android-arm64-0.15.18.tgz",
      "integrity": "sha1-nMDsYFgdatJnVo8pz0iV/92fLwQ=",
      "optional": true
    },
    "esbuild-darwin-64": {
      "version": "0.15.18",
      "resolved": "https://pkgs.d.xiaomi.net:443/artifactory/api/npm/mi-npm/esbuild-darwin-64/-/esbuild-darwin-64-0.15.18.tgz",
      "integrity": "sha1-Qo4XMOqBnVAICPIg+8UgeuptRBA=",
      "optional": true
    },
    "esbuild-darwin-arm64": {
      "version": "0.15.18",
      "resolved": "https://pkgs.d.xiaomi.net:443/artifactory/api/npm/mi-npm/esbuild-darwin-arm64/-/esbuild-darwin-arm64-0.15.18.tgz",
      "integrity": "sha1-tt/HeZEVopF/NZcL+8k65QJWszc=",
      "optional": true
    },
    "esbuild-freebsd-64": {
      "version": "0.15.18",
      "resolved": "https://pkgs.d.xiaomi.net:443/artifactory/api/npm/mi-npm/esbuild-freebsd-64/-/esbuild-freebsd-64-0.15.18.tgz",
      "integrity": "sha1-ThkNnC0eZxZGGa4wpDi+h9Xu2vI=",
      "optional": true
    },
    "esbuild-freebsd-arm64": {
      "version": "0.15.18",
      "resolved": "https://pkgs.d.xiaomi.net:443/artifactory/api/npm/mi-npm/esbuild-freebsd-arm64/-/esbuild-freebsd-arm64-0.15.18.tgz",
      "integrity": "sha1-GKTANE7iO9Wm0G0Yx24v1tP5FjU=",
      "optional": true
    },
    "esbuild-linux-32": {
      "version": "0.15.18",
      "resolved": "https://pkgs.d.xiaomi.net:443/artifactory/api/npm/mi-npm/esbuild-linux-32/-/esbuild-linux-32-0.15.18.tgz",
      "integrity": "sha1-mjKXMe4HmxImK3k/uE7qdi6C4M4=",
      "optional": true
    },
    "esbuild-linux-64": {
      "version": "0.15.18",
      "resolved": "https://pkgs.d.xiaomi.net:443/artifactory/api/npm/mi-npm/esbuild-linux-64/-/esbuild-linux-64-0.15.18.tgz",
      "integrity": "sha1-Uyc4B1OXuZRGe1FOUkrrUgwZG2w=",
      "optional": true
    },
    "esbuild-linux-arm": {
      "version": "0.15.18",
      "resolved": "https://pkgs.d.xiaomi.net:443/artifactory/api/npm/mi-npm/esbuild-linux-arm/-/esbuild-linux-arm-0.15.18.tgz",
      "integrity": "sha1-5zSq8lmi49EJ1IhsnoHsDy/Zqcw=",
      "optional": true
    },
    "esbuild-linux-arm64": {
      "version": "0.15.18",
      "resolved": "https://pkgs.d.xiaomi.net:443/artifactory/api/npm/mi-npm/esbuild-linux-arm64/-/esbuild-linux-arm64-0.15.18.tgz",
      "integrity": "sha1-U3LnmTrC2o8GsroxNxDXIreobl0=",
      "optional": true
    },
    "esbuild-linux-mips64le": {
      "version": "0.15.18",
      "resolved": "https://pkgs.d.xiaomi.net:443/artifactory/api/npm/mi-npm/esbuild-linux-mips64le/-/esbuild-linux-mips64le-0.15.18.tgz",
      "integrity": "sha1-wEh8FKk3GoTrCPqw4dewRadxBes=",
      "optional": true
    },
    "esbuild-linux-ppc64le": {
      "version": "0.15.18",
      "resolved": "https://pkgs.d.xiaomi.net:443/artifactory/api/npm/mi-npm/esbuild-linux-ppc64le/-/esbuild-linux-ppc64le-0.15.18.tgz",
      "integrity": "sha1-rwSK2U7tDOMvbVqHP3q+kRUBJQc=",
      "optional": true
    },
    "esbuild-linux-riscv64": {
      "version": "0.15.18",
      "resolved": "https://pkgs.d.xiaomi.net:443/artifactory/api/npm/mi-npm/esbuild-linux-riscv64/-/esbuild-linux-riscv64-0.15.18.tgz",
      "integrity": "sha1-Qj7U5ZJ713+EK9VmlyF49CTUVeY=",
      "optional": true
    },
    "esbuild-linux-s390x": {
      "version": "0.15.18",
      "resolved": "https://pkgs.d.xiaomi.net:443/artifactory/api/npm/mi-npm/esbuild-linux-s390x/-/esbuild-linux-s390x-0.15.18.tgz",
      "integrity": "sha1-IdIeqpYqGDv7djEuWgHMWuSM6Os=",
      "optional": true
    },
    "esbuild-netbsd-64": {
      "version": "0.15.18",
      "resolved": "https://pkgs.d.xiaomi.net:443/artifactory/api/npm/mi-npm/esbuild-netbsd-64/-/esbuild-netbsd-64-0.15.18.tgz",
      "integrity": "sha1-rnVoL2DQhWCx/pSCv+AXPlEQuZg=",
      "optional": true
    },
    "esbuild-openbsd-64": {
      "version": "0.15.18",
      "resolved": "https://pkgs.d.xiaomi.net:443/artifactory/api/npm/mi-npm/esbuild-openbsd-64/-/esbuild-openbsd-64-0.15.18.tgz",
      "integrity": "sha1-eVkakKo7A+SGP5O+7A0rqyhT0Kg=",
      "optional": true
    },
    "esbuild-sunos-64": {
      "version": "0.15.18",
      "resolved": "https://pkgs.d.xiaomi.net:443/artifactory/api/npm/mi-npm/esbuild-sunos-64/-/esbuild-sunos-64-0.15.18.tgz",
      "integrity": "sha1-/VKKpdpTdLfh6T0275sHw9/tKXE=",
      "optional": true
    },
    "esbuild-windows-32": {
      "version": "0.15.18",
      "resolved": "https://pkgs.d.xiaomi.net:443/artifactory/api/npm/mi-npm/esbuild-windows-32/-/esbuild-windows-32-0.15.18.tgz",
      "integrity": "sha1-DpK2bs31Q1p2gTxLxczaBpb078M=",
      "optional": true
    },
    "esbuild-windows-64": {
      "version": "0.15.18",
      "resolved": "https://pkgs.d.xiaomi.net:443/artifactory/api/npm/mi-npm/esbuild-windows-64/-/esbuild-windows-64-0.15.18.tgz",
      "integrity": "sha1-D8dh14VBQoT8QI55FCJtM/gkINA=",
      "optional": true
    },
    "esbuild-windows-arm64": {
      "version": "0.15.18",
      "resolved": "https://pkgs.d.xiaomi.net:443/artifactory/api/npm/mi-npm/esbuild-windows-arm64/-/esbuild-windows-arm64-0.15.18.tgz",
      "integrity": "sha1-W1vcVtNB0JIu6UllyJ7hIKaobrc=",
      "optional": true
    },
    "fsevents": {
      "version": "2.3.3",
      "resolved": "https://pkgs.d.xiaomi.net:443/artifactory/api/npm/mi-npm/fsevents/-/fsevents-2.3.3.tgz",
      "integrity": "sha1-ysZAd4XQNnWipeGlMFxpezR9kNY=",
      "optional": true
    },
    "function-bind": {
      "version": "1.1.2",
      "resolved": "https://pkgs.d.xiaomi.net:443/artifactory/api/npm/mi-npm/function-bind/-/function-bind-1.1.2.tgz",
      "integrity": "sha1-LALYZNl/PqbIgwxGTL0Rq26rehw="
    },
    "hasown": {
      "version": "2.0.2",
      "resolved": "https://pkgs.d.xiaomi.net:443/artifactory/api/npm/mi-npm/hasown/-/hasown-2.0.2.tgz",
      "integrity": "sha1-AD6vkb563DcuhOxZ3DclLO24AAM=",
      "requires": {
        "function-bind": "^1.1.2"
      }
    },
    "is-core-module": {
      "version": "2.13.1",
      "resolved": "https://pkgs.d.xiaomi.net:443/artifactory/api/npm/mi-npm/is-core-module/-/is-core-module-2.13.1.tgz",
      "integrity": "sha1-rQ11Msb+qdoevcgnQtdFJcYnM4Q=",
      "requires": {
        "hasown": "^2.0.0"
      }
    },
    "nanoid": {
      "version": "3.3.7",
      "resolved": "https://pkgs.d.xiaomi.net:443/artifactory/api/npm/mi-npm/nanoid/-/nanoid-3.3.7.tgz",
      "integrity": "sha1-0MMBppG8jVTvoKIibM8/4v1la9g="
    },
    "path-parse": {
      "version": "1.0.7",
      "resolved": "https://pkgs.d.xiaomi.net:443/artifactory/api/npm/mi-npm/path-parse/-/path-parse-1.0.7.tgz",
      "integrity": "sha1-+8EUtgykKzDZ2vWFjkvWi77bZzU="
    },
    "picocolors": {
      "version": "1.0.0",
      "resolved": "https://pkgs.d.xiaomi.net:443/artifactory/api/npm/mi-npm/picocolors/-/picocolors-1.0.0.tgz",
      "integrity": "sha1-y1vcdP8/UYkiNur3nWi8RFZKuBw="
    },
    "postcss": {
      "version": "8.4.38",
      "resolved": "https://pkgs.d.xiaomi.net:443/artifactory/api/npm/mi-npm/postcss/-/postcss-8.4.38.tgz",
      "integrity": "sha1-s4fVM7ryBUKI4zcGbYHGvunbng4=",
      "requires": {
        "nanoid": "^3.3.7",
        "picocolors": "^1.0.0",
        "source-map-js": "^1.2.0"
      }
    },
    "resolve": {
      "version": "1.22.8",
      "resolved": "https://pkgs.d.xiaomi.net:443/artifactory/api/npm/mi-npm/resolve/-/resolve-1.22.8.tgz",
      "integrity": "sha1-tsh6nyqgbfq1Lj1wrIzeMh+lpI0=",
      "requires": {
        "is-core-module": "^2.13.0",
        "path-parse": "^1.0.7",
        "supports-preserve-symlinks-flag": "^1.0.0"
      }
    },
    "rollup": {
      "version": "2.79.1",
      "resolved": "https://pkgs.d.xiaomi.net:443/artifactory/api/npm/mi-npm/rollup/-/rollup-2.79.1.tgz",
      "integrity": "sha1-vt7o+u98n5OiZHrAEIdI9Jfwgcc=",
      "requires": {
        "fsevents": "~2.3.2"
      }
    },
    "source-map-js": {
      "version": "1.2.0",
      "resolved": "https://pkgs.d.xiaomi.net:443/artifactory/api/npm/mi-npm/source-map-js/-/source-map-js-1.2.0.tgz",
      "integrity": "sha1-FrgJwWJRe1uMPn3NMVoqXCYSsq8="
    },
    "supports-preserve-symlinks-flag": {
      "version": "1.0.0",
      "resolved": "https://pkgs.d.xiaomi.net:443/artifactory/api/npm/mi-npm/supports-preserve-symlinks-flag/-/supports-preserve-symlinks-flag-1.0.0.tgz",
      "integrity": "sha1-btpL00SjyUrqN21MwxvHcxEDngk="
    },
    "vite": {
      "version": "3.2.10",
      "resolved": "https://pkgs.d.xiaomi.net:443/artifactory/api/npm/mi-npm/vite/-/vite-3.2.10.tgz",
      "integrity": "sha1-esef6tgs+2tb9lYTzYL7ptzIE0A=",
      "requires": {
        "esbuild": "^0.15.9",
        "fsevents": "~2.3.2",
        "postcss": "^8.4.18",
        "resolve": "^1.22.1",
        "rollup": "^2.79.1"
      }
    }
  }
}
